// !$*UTF8*$!
{
	archiveVersion = 1;
	classes = {
	};
	objectVersion = 50;
	objects = {

/* Begin PBXBuildFile section */
		43F2B7802627CB34002476E5 /* AppDelegate.swift in Sources */ = {isa = PBXBuildFile; fileRef = 43F2B77F2627CB34002476E5 /* AppDelegate.swift */; };
		43F2B7822627CB34002476E5 /* SceneDelegate.swift in Sources */ = {isa = PBXBuildFile; fileRef = 43F2B7812627CB34002476E5 /* SceneDelegate.swift */; };
		43F2B7842627CB34002476E5 /* ViewController.swift in Sources */ = {isa = PBXBuildFile; fileRef = 43F2B7832627CB34002476E5 /* ViewController.swift */; };
		43F2B7872627CB34002476E5 /* Main.storyboard in Resources */ = {isa = PBXBuildFile; fileRef = 43F2B7852627CB34002476E5 /* Main.storyboard */; };
		43F2B7892627CB38002476E5 /* Assets.xcassets in Resources */ = {isa = PBXBuildFile; fileRef = 43F2B7882627CB38002476E5 /* Assets.xcassets */; };
		43F2B78C2627CB38002476E5 /* LaunchScreen.storyboard in Resources */ = {isa = PBXBuildFile; fileRef = 43F2B78A2627CB38002476E5 /* LaunchScreen.storyboard */; };
		43F2B7972627CB38002476E5 /* WaveAnimationTests.swift in Sources */ = {isa = PBXBuildFile; fileRef = 43F2B7962627CB38002476E5 /* WaveAnimationTests.swift */; };
		43F2B7A22627CB39002476E5 /* WaveAnimationUITests.swift in Sources */ = {isa = PBXBuildFile; fileRef = 43F2B7A12627CB39002476E5 /* WaveAnimationUITests.swift */; };
		43F2B7B32627CB93002476E5 /* WaveView.swift in Sources */ = {isa = PBXBuildFile; fileRef = 43F2B7B22627CB93002476E5 /* WaveView.swift */; };
		43F2B7B82627CBFB002476E5 /* UIColorExtension.swift in Sources */ = {isa = PBXBuildFile; fileRef = 43F2B7B72627CBFB002476E5 /* UIColorExtension.swift */; };
/* End PBXBuildFile section */

/* Begin PBXContainerItemProxy section */
		43F2B7932627CB38002476E5 /* PBXContainerItemProxy */ = {
			isa = PBXContainerItemProxy;
			containerPortal = 43F2B7742627CB34002476E5 /* Project object */;
			proxyType = 1;
			remoteGlobalIDString = 43F2B77B2627CB34002476E5;
			remoteInfo = WaveAnimation;
		};
		43F2B79E2627CB39002476E5 /* PBXContainerItemProxy */ = {
			isa = PBXContainerItemProxy;
			containerPortal = 43F2B7742627CB34002476E5 /* Project object */;
			proxyType = 1;
			remoteGlobalIDString = 43F2B77B2627CB34002476E5;
			remoteInfo = WaveAnimation;
		};
/* End PBXContainerItemProxy section */

/* Begin PBXFileReference section */
		43F2B77C2627CB34002476E5 /* WaveAnimation.app */ = {isa = PBXFileReference; explicitFileType = wrapper.application; includeInIndex = 0; path = WaveAnimation.app; sourceTree = BUILT_PRODUCTS_DIR; };
		43F2B77F2627CB34002476E5 /* AppDelegate.swift */ = {isa = PBXFileReference; lastKnownFileType = sourcecode.swift; path = AppDelegate.swift; sourceTree = "<group>"; };
		43F2B7812627CB34002476E5 /* SceneDelegate.swift */ = {isa = PBXFileReference; lastKnownFileType = sourcecode.swift; path = SceneDelegate.swift; sourceTree = "<group>"; };
		43F2B7832627CB34002476E5 /* ViewController.swift */ = {isa = PBXFileReference; lastKnownFileType = sourcecode.swift; path = ViewController.swift; sourceTree = "<group>"; };
		43F2B7862627CB34002476E5 /* Base */ = {isa = PBXFileReference; lastKnownFileType = file.storyboard; name = Base; path = Base.lproj/Main.storyboard; sourceTree = "<group>"; };
		43F2B7882627CB38002476E5 /* Assets.xcassets */ = {isa = PBXFileReference; lastKnownFileType = folder.assetcatalog; path = Assets.xcassets; sourceTree = "<group>"; };
		43F2B78B2627CB38002476E5 /* Base */ = {isa = PBXFileReference; lastKnownFileType = file.storyboard; name = Base; path = Base.lproj/LaunchScreen.storyboard; sourceTree = "<group>"; };
		43F2B78D2627CB38002476E5 /* Info.plist */ = {isa = PBXFileReference; lastKnownFileType = text.plist.xml; path = Info.plist; sourceTree = "<group>"; };
		43F2B7922627CB38002476E5 /* WaveAnimationTests.xctest */ = {isa = PBXFileReference; explicitFileType = wrapper.cfbundle; includeInIndex = 0; path = WaveAnimationTests.xctest; sourceTree = BUILT_PRODUCTS_DIR; };
		43F2B7962627CB38002476E5 /* WaveAnimationTests.swift */ = {isa = PBXFileReference; lastKnownFileType = sourcecode.swift; path = WaveAnimationTests.swift; sourceTree = "<group>"; };
		43F2B7982627CB38002476E5 /* Info.plist */ = {isa = PBXFileReference; lastKnownFileType = text.plist.xml; path = Info.plist; sourceTree = "<group>"; };
		43F2B79D2627CB39002476E5 /* WaveAnimationUITests.xctest */ = {isa = PBXFileReference; explicitFileType = wrapper.cfbundle; includeInIndex = 0; path = WaveAnimationUITests.xctest; sourceTree = BUILT_PRODUCTS_DIR; };
		43F2B7A12627CB39002476E5 /* WaveAnimationUITests.swift */ = {isa = PBXFileReference; lastKnownFileType = sourcecode.swift; path = WaveAnimationUITests.swift; sourceTree = "<group>"; };
		43F2B7A32627CB39002476E5 /* Info.plist */ = {isa = PBXFileReference; lastKnownFileType = text.plist.xml; path = Info.plist; sourceTree = "<group>"; };
		43F2B7B22627CB93002476E5 /* WaveView.swift */ = {isa = PBXFileReference; lastKnownFileType = sourcecode.swift; path = WaveView.swift; sourceTree = "<group>"; };
		43F2B7B72627CBFB002476E5 /* UIColorExtension.swift */ = {isa = PBXFileReference; lastKnownFileType = sourcecode.swift; path = UIColorExtension.swift; sourceTree = "<group>"; };
/* End PBXFileReference section */

/* Begin PBXFrameworksBuildPhase section */
		43F2B7792627CB34002476E5 /* Frameworks */ = {
			isa = PBXFrameworksBuildPhase;
			buildActionMask = 2147483647;
			files = (
			);
			runOnlyForDeploymentPostprocessing = 0;
		};
		43F2B78F2627CB38002476E5 /* Frameworks */ = {
			isa = PBXFrameworksBuildPhase;
			buildActionMask = 2147483647;
			files = (
			);
			runOnlyForDeploymentPostprocessing = 0;
		};
		43F2B79A2627CB39002476E5 /* Frameworks */ = {
			isa = PBXFrameworksBuildPhase;
			buildActionMask = 2147483647;
			files = (
			);
			runOnlyForDeploymentPostprocessing = 0;
		};
/* End PBXFrameworksBuildPhase section */

/* Begin PBXGroup section */
		43F2B7732627CB34002476E5 = {
			isa = PBXGroup;
			children = (
				43F2B77E2627CB34002476E5 /* WaveAnimation */,
				43F2B7952627CB38002476E5 /* WaveAnimationTests */,
				43F2B7A02627CB39002476E5 /* WaveAnimationUITests */,
				43F2B77D2627CB34002476E5 /* Products */,
			);
			sourceTree = "<group>";
		};
		43F2B77D2627CB34002476E5 /* Products */ = {
			isa = PBXGroup;
			children = (
				43F2B77C2627CB34002476E5 /* WaveAnimation.app */,
				43F2B7922627CB38002476E5 /* WaveAnimationTests.xctest */,
				43F2B79D2627CB39002476E5 /* WaveAnimationUITests.xctest */,
			);
			name = Products;
			sourceTree = "<group>";
		};
		43F2B77E2627CB34002476E5 /* WaveAnimation */ = {
			isa = PBXGroup;
			children = (
				43F2B77F2627CB34002476E5 /* AppDelegate.swift */,
				43F2B7812627CB34002476E5 /* SceneDelegate.swift */,
				43F2B7832627CB34002476E5 /* ViewController.swift */,
				43F2B7B22627CB93002476E5 /* WaveView.swift */,
				43F2B7B72627CBFB002476E5 /* UIColorExtension.swift */,
				43F2B7852627CB34002476E5 /* Main.storyboard */,
				43F2B7882627CB38002476E5 /* Assets.xcassets */,
				43F2B78A2627CB38002476E5 /* LaunchScreen.storyboard */,
				43F2B78D2627CB38002476E5 /* Info.plist */,
			);
			path = WaveAnimation;
			sourceTree = "<group>";
		};
		43F2B7952627CB38002476E5 /* WaveAnimationTests */ = {
			isa = PBXGroup;
			children = (
				43F2B7962627CB38002476E5 /* WaveAnimationTests.swift */,
				43F2B7982627CB38002476E5 /* Info.plist */,
			);
			path = WaveAnimationTests;
			sourceTree = "<group>";
		};
		43F2B7A02627CB39002476E5 /* WaveAnimationUITests */ = {
			isa = PBXGroup;
			children = (
				43F2B7A12627CB39002476E5 /* WaveAnimationUITests.swift */,
				43F2B7A32627CB39002476E5 /* Info.plist */,
			);
			path = WaveAnimationUITests;
			sourceTree = "<group>";
		};
/* End PBXGroup section */

/* Begin PBXNativeTarget section */
		43F2B77B2627CB34002476E5 /* WaveAnimation */ = {
			isa = PBXNativeTarget;
			buildConfigurationList = 43F2B7A62627CB39002476E5 /* Build configuration list for PBXNativeTarget "WaveAnimation" */;
			buildPhases = (
				43F2B7782627CB34002476E5 /* Sources */,
				43F2B7792627CB34002476E5 /* Frameworks */,
				43F2B77A2627CB34002476E5 /* Resources */,
			);
			buildRules = (
			);
			dependencies = (
			);
			name = WaveAnimation;
			productName = WaveAnimation;
			productReference = 43F2B77C2627CB34002476E5 /* WaveAnimation.app */;
			productType = "com.apple.product-type.application";
		};
		43F2B7912627CB38002476E5 /* WaveAnimationTests */ = {
			isa = PBXNativeTarget;
			buildConfigurationList = 43F2B7A92627CB39002476E5 /* Build configuration list for PBXNativeTarget "WaveAnimationTests" */;
			buildPhases = (
				43F2B78E2627CB38002476E5 /* Sources */,
				43F2B78F2627CB38002476E5 /* Frameworks */,
				43F2B7902627CB38002476E5 /* Resources */,
			);
			buildRules = (
			);
			dependencies = (
				43F2B7942627CB38002476E5 /* PBXTargetDependency */,
			);
			name = WaveAnimationTests;
			productName = WaveAnimationTests;
			productReference = 43F2B7922627CB38002476E5 /* WaveAnimationTests.xctest */;
			productType = "com.apple.product-type.bundle.unit-test";
		};
		43F2B79C2627CB39002476E5 /* WaveAnimationUITests */ = {
			isa = PBXNativeTarget;
			buildConfigurationList = 43F2B7AC2627CB39002476E5 /* Build configuration list for PBXNativeTarget "WaveAnimationUITests" */;
			buildPhases = (
				43F2B7992627CB39002476E5 /* Sources */,
				43F2B79A2627CB39002476E5 /* Frameworks */,
				43F2B79B2627CB39002476E5 /* Resources */,
			);
			buildRules = (
			);
			dependencies = (
				43F2B79F2627CB39002476E5 /* PBXTargetDependency */,
			);
			name = WaveAnimationUITests;
			productName = WaveAnimationUITests;
			productReference = 43F2B79D2627CB39002476E5 /* WaveAnimationUITests.xctest */;
			productType = "com.apple.product-type.bundle.ui-testing";
		};
/* End PBXNativeTarget section */

/* Begin PBXProject section */
		43F2B7742627CB34002476E5 /* Project object */ = {
			isa = PBXProject;
			attributes = {
				LastSwiftUpdateCheck = 1240;
				LastUpgradeCheck = 1240;
				TargetAttributes = {
					43F2B77B2627CB34002476E5 = {
						CreatedOnToolsVersion = 12.4;
					};
					43F2B7912627CB38002476E5 = {
						CreatedOnToolsVersion = 12.4;
						TestTargetID = 43F2B77B2627CB34002476E5;
					};
					43F2B79C2627CB39002476E5 = {
						CreatedOnToolsVersion = 12.4;
						TestTargetID = 43F2B77B2627CB34002476E5;
					};
				};
			};
			buildConfigurationList = 43F2B7772627CB34002476E5 /* Build configuration list for PBXProject "WaveAnimation" */;
			compatibilityVersion = "Xcode 9.3";
			developmentRegion = en;
			hasScannedForEncodings = 0;
			knownRegions = (
				en,
				Base,
			);
			mainGroup = 43F2B7732627CB34002476E5;
			productRefGroup = 43F2B77D2627CB34002476E5 /* Products */;
			projectDirPath = "";
			projectRoot = "";
			targets = (
				43F2B77B2627CB34002476E5 /* WaveAnimation */,
				43F2B7912627CB38002476E5 /* WaveAnimationTests */,
				43F2B79C2627CB39002476E5 /* WaveAnimationUITests */,
			);
		};
/* End PBXProject section */

/* Begin PBXResourcesBuildPhase section */
		43F2B77A2627CB34002476E5 /* Resources */ = {
			isa = PBXResourcesBuildPhase;
			buildActionMask = 2147483647;
			files = (
				43F2B78C2627CB38002476E5 /* LaunchScreen.storyboard in Resources */,
				43F2B7892627CB38002476E5 /* Assets.xcassets in Resources */,
				43F2B7872627CB34002476E5 /* Main.storyboard in Resources */,
			);
			runOnlyForDeploymentPostprocessing = 0;
		};
		43F2B7902627CB38002476E5 /* Resources */ = {
			isa = PBXResourcesBuildPhase;
			buildActionMask = 2147483647;
			files = (
			);
			runOnlyForDeploymentPostprocessing = 0;
		};
		43F2B79B2627CB39002476E5 /* Resources */ = {
			isa = PBXResourcesBuildPhase;
			buildActionMask = 2147483647;
			files = (
			);
			runOnlyForDeploymentPostprocessing = 0;
		};
/* End PBXResourcesBuildPhase section */

/* Begin PBXSourcesBuildPhase section */
		43F2B7782627CB34002476E5 /* Sources */ = {
			isa = PBXSourcesBuildPhase;
			buildActionMask = 2147483647;
			files = (
				43F2B7842627CB34002476E5 /* ViewController.swift in Sources */,
				43F2B7802627CB34002476E5 /* AppDelegate.swift in Sources */,
				43F2B7B82627CBFB002476E5 /* UIColorExtension.swift in Sources */,
				43F2B7822627CB34002476E5 /* SceneDelegate.swift in Sources */,
				43F2B7B32627CB93002476E5 /* WaveView.swift in Sources */,
			);
			runOnlyForDeploymentPostprocessing = 0;
		};
		43F2B78E2627CB38002476E5 /* Sources */ = {
			isa = PBXSourcesBuildPhase;
			buildActionMask = 2147483647;
			files = (
				43F2B7972627CB38002476E5 /* WaveAnimationTests.swift in Sources */,
			);
			runOnlyForDeploymentPostprocessing = 0;
		};
		43F2B7992627CB39002476E5 /* Sources */ = {
			isa = PBXSourcesBuildPhase;
			buildActionMask = 2147483647;
			files = (
				43F2B7A22627CB39002476E5 /* WaveAnimationUITests.swift in Sources */,
			);
			runOnlyForDeploymentPostprocessing = 0;
		};
/* End PBXSourcesBuildPhase section */

/* Begin PBXTargetDependency section */
		43F2B7942627CB38002476E5 /* PBXTargetDependency */ = {
			isa = PBXTargetDependency;
			target = 43F2B77B2627CB34002476E5 /* WaveAnimation */;
			targetProxy = 43F2B7932627CB38002476E5 /* PBXContainerItemProxy */;
		};
		43F2B79F2627CB39002476E5 /* PBXTargetDependency */ = {
			isa = PBXTargetDependency;
			target = 43F2B77B2627CB34002476E5 /* WaveAnimation */;
			targetProxy = 43F2B79E2627CB39002476E5 /* PBXContainerItemProxy */;
		};
/* End PBXTargetDependency section */

/* Begin PBXVariantGroup section */
		43F2B7852627CB34002476E5 /* Main.storyboard */ = {
			isa = PBXVariantGroup;
			children = (
				43F2B7862627CB34002476E5 /* Base */,
			);
			name = Main.storyboard;
			sourceTree = "<group>";
		};
		43F2B78A2627CB38002476E5 /* LaunchScreen.storyboard */ = {
			isa = PBXVariantGroup;
			children = (
				43F2B78B2627CB38002476E5 /* Base */,
			);
			name = LaunchScreen.storyboard;
			sourceTree = "<group>";
		};
/* End PBXVariantGroup section */

/* Begin XCBuildConfiguration section */
		43F2B7A42627CB39002476E5 /* Debug */ = {
			isa = XCBuildConfiguration;
			buildSettings = {
				ALWAYS_SEARCH_USER_PATHS = NO;
				CLANG_ANALYZER_NONNULL = YES;
				CLANG_ANALYZER_NUMBER_OBJECT_CONVERSION = YES_AGGRESSIVE;
				CLANG_CXX_LANGUAGE_STANDARD = "gnu++14";
				CLANG_CXX_LIBRARY = "libc++";
				CLANG_ENABLE_MODULES = YES;
				CLANG_ENABLE_OBJC_ARC = YES;
				CLANG_ENABLE_OBJC_WEAK = YES;
				CLANG_WARN_BLOCK_CAPTURE_AUTORELEASING = YES;
				CLANG_WARN_BOOL_CONVERSION = YES;
				CLANG_WARN_COMMA = YES;
				CLANG_WARN_CONSTANT_CONVERSION = YES;
				CLANG_WARN_DEPRECATED_OBJC_IMPLEMENTATIONS = YES;
				CLANG_WARN_DIRECT_OBJC_ISA_USAGE = YES_ERROR;
				CLANG_WARN_DOCUMENTATION_COMMENTS = YES;
				CLANG_WARN_EMPTY_BODY = YES;
				CLANG_WARN_ENUM_CONVERSION = YES;
				CLANG_WARN_INFINITE_RECURSION = YES;
				CLANG_WARN_INT_CONVERSION = YES;
				CLANG_WARN_NON_LITERAL_NULL_CONVERSION = YES;
				CLANG_WARN_OBJC_IMPLICIT_RETAIN_SELF = YES;
				CLANG_WARN_OBJC_LITERAL_CONVERSION = YES;
				CLANG_WARN_OBJC_ROOT_CLASS = YES_ERROR;
				CLANG_WARN_QUOTED_INCLUDE_IN_FRAMEWORK_HEADER = YES;
				CLANG_WARN_RANGE_LOOP_ANALYSIS = YES;
				CLANG_WARN_STRICT_PROTOTYPES = YES;
				CLANG_WARN_SUSPICIOUS_MOVE = YES;
				CLANG_WARN_UNGUARDED_AVAILABILITY = YES_AGGRESSIVE;
				CLANG_WARN_UNREACHABLE_CODE = YES;
				CLANG_WARN__DUPLICATE_METHOD_MATCH = YES;
				COPY_PHASE_STRIP = NO;
				DEBUG_INFORMATION_FORMAT = dwarf;
				ENABLE_STRICT_OBJC_MSGSEND = YES;
				ENABLE_TESTABILITY = YES;
				GCC_C_LANGUAGE_STANDARD = gnu11;
				GCC_DYNAMIC_NO_PIC = NO;
				GCC_NO_COMMON_BLOCKS = YES;
				GCC_OPTIMIZATION_LEVEL = 0;
				GCC_PREPROCESSOR_DEFINITIONS = (
					"DEBUG=1",
					"$(inherited)",
				);
				GCC_WARN_64_TO_32_BIT_CONVERSION = YES;
				GCC_WARN_ABOUT_RETURN_TYPE = YES_ERROR;
				GCC_WARN_UNDECLARED_SELECTOR = YES;
				GCC_WARN_UNINITIALIZED_AUTOS = YES_AGGRESSIVE;
				GCC_WARN_UNUSED_FUNCTION = YES;
				GCC_WARN_UNUSED_VARIABLE = YES;
				IPHONEOS_DEPLOYMENT_TARGET = 14.4;
				MTL_ENABLE_DEBUG_INFO = INCLUDE_SOURCE;
				MTL_FAST_MATH = YES;
				ONLY_ACTIVE_ARCH = YES;
				SDKROOT = iphoneos;
				SWIFT_ACTIVE_COMPILATION_CONDITIONS = DEBUG;
				SWIFT_OPTIMIZATION_LEVEL = "-Onone";
			};
			name = Debug;
		};
		43F2B7A52627CB39002476E5 /* Release */ = {
			isa = XCBuildConfiguration;
			buildSettings = {
				ALWAYS_SEARCH_USER_PATHS = NO;
				CLANG_ANALYZER_NONNULL = YES;
				CLANG_ANALYZER_NUMBER_OBJECT_CONVERSION = YES_AGGRESSIVE;
				CLANG_CXX_LANGUAGE_STANDARD = "gnu++14";
				CLANG_CXX_LIBRARY = "libc++";
				CLANG_ENABLE_MODULES = YES;
				CLANG_ENABLE_OBJC_ARC = YES;
				CLANG_ENABLE_OBJC_WEAK = YES;
				CLANG_WARN_BLOCK_CAPTURE_AUTORELEASING = YES;
				CLANG_WARN_BOOL_CONVERSION = YES;
				CLANG_WARN_COMMA = YES;
				CLANG_WARN_CONSTANT_CONVERSION = YES;
				CLANG_WARN_DEPRECATED_OBJC_IMPLEMENTATIONS = YES;
				CLANG_WARN_DIRECT_OBJC_ISA_USAGE = YES_ERROR;
				CLANG_WARN_DOCUMENTATION_COMMENTS = YES;
				CLANG_WARN_EMPTY_BODY = YES;
				CLANG_WARN_ENUM_CONVERSION = YES;
				CLANG_WARN_INFINITE_RECURSION = YES;
				CLANG_WARN_INT_CONVERSION = YES;
				CLANG_WARN_NON_LITERAL_NULL_CONVERSION = YES;
				CLANG_WARN_OBJC_IMPLICIT_RETAIN_SELF = YES;
				CLANG_WARN_OBJC_LITERAL_CONVERSION = YES;
				CLANG_WARN_OBJC_ROOT_CLASS = YES_ERROR;
				CLANG_WARN_QUOTED_INCLUDE_IN_FRAMEWORK_HEADER = YES;
				CLANG_WARN_RANGE_LOOP_ANALYSIS = YES;
				CLANG_WARN_STRICT_PROTOTYPES = YES;
				CLANG_WARN_SUSPICIOUS_MOVE = YES;
				CLANG_WARN_UNGUARDED_AVAILABILITY = YES_AGGRESSIVE;
				CLANG_WARN_UNREACHABLE_CODE = YES;
				CLANG_WARN__DUPLICATE_METHOD_MATCH = YES;
				COPY_PHASE_STRIP = NO;
				DEBUG_INFORMATION_FORMAT = "dwarf-with-dsym";
				ENABLE_NS_ASSERTIONS = NO;
				ENABLE_STRICT_OBJC_MSGSEND = YES;
				GCC_C_LANGUAGE_STANDARD = gnu11;
				GCC_NO_COMMON_BLOCKS = YES;
				GCC_WARN_64_TO_32_BIT_CONVERSION = YES;
				GCC_WARN_ABOUT_RETURN_TYPE = YES_ERROR;
				GCC_WARN_UNDECLARED_SELECTOR = YES;
				GCC_WARN_UNINITIALIZED_AUTOS = YES_AGGRESSIVE;
				GCC_WARN_UNUSED_FUNCTION = YES;
				GCC_WARN_UNUSED_VARIABLE = YES;
				IPHONEOS_DEPLOYMENT_TARGET = 14.4;
				MTL_ENABLE_DEBUG_INFO = NO;
				MTL_FAST_MATH = YES;
				SDKROOT = iphoneos;
				SWIFT_COMPILATION_MODE = wholemodule;
				SWIFT_OPTIMIZATION_LEVEL = "-O";
				VALIDATE_PRODUCT = YES;
			};
			name = Release;
		};
		43F2B7A72627CB39002476E5 /* Debug */ = {
			isa = XCBuildConfiguration;
			buildSettings = {
				ASSETCATALOG_COMPILER_APPICON_NAME = AppIcon;
				ASSETCATALOG_COMPILER_GLOBAL_ACCENT_COLOR_NAME = AccentColor;
				CODE_SIGN_STYLE = Automatic;
				DEVELOPMENT_TEAM = CP7X32P9F7;
				INFOPLIST_FILE = WaveAnimation/Info.plist;
				LD_RUNPATH_SEARCH_PATHS = (
					"$(inherited)",
					"@executable_path/Frameworks",
				);
				PRODUCT_BUNDLE_IDENTIFIER = per.zhenyu.WaveAnimation;
				PRODUCT_NAME = "$(TARGET_NAME)";
				SWIFT_VERSION = 5.0;
				TARGETED_DEVICE_FAMILY = "1,2";
			};
			name = Debug;
		};
		43F2B7A82627CB39002476E5 /* Release */ = {
			isa = XCBuildConfiguration;
			buildSettings = {
				ASSETCATALOG_COMPILER_APPICON_NAME = AppIcon;
				ASSETCATALOG_COMPILER_GLOBAL_ACCENT_COLOR_NAME = AccentColor;
				CODE_SIGN_STYLE = Automatic;
				DEVELOPMENT_TEAM = CP7X32P9F7;
				INFOPLIST_FILE = WaveAnimation/Info.plist;
				LD_RUNPATH_SEARCH_PATHS = (
					"$(inherited)",
					"@executable_path/Frameworks",
				);
				PRODUCT_BUNDLE_IDENTIFIER = per.zhenyu.WaveAnimation;
				PRODUCT_NAME = "$(TARGET_NAME)";
				SWIFT_VERSION = 5.0;
				TARGETED_DEVICE_FAMILY = "1,2";
			};
			name = Release;
		};
		43F2B7AA2627CB39002476E5 /* Debug */ = {
			isa = XCBuildConfiguration;
			buildSettings = {
				ALWAYS_EMBED_SWIFT_STANDARD_LIBRARIES = YES;
				BUNDLE_LOADER = "$(TEST_HOST)";
				CODE_SIGN_STYLE = Automatic;
				DEVELOPMENT_TEAM = CP7X32P9F7;
				INFOPLIST_FILE = WaveAnimationTests/Info.plist;
				IPHONEOS_DEPLOYMENT_TARGET = 14.4;
				LD_RUNPATH_SEARCH_PATHS = (
					"$(inherited)",
					"@executable_path/Frameworks",
					"@loader_path/Frameworks",
				);
				PRODUCT_BUNDLE_IDENTIFIER = per.zhenyu.WaveAnimationTests;
				PRODUCT_NAME = "$(TARGET_NAME)";
				SWIFT_VERSION = 5.0;
				TARGETED_DEVICE_FAMILY = "1,2";
				TEST_HOST = "$(BUILT_PRODUCTS_DIR)/WaveAnimation.app/WaveAnimation";
			};
			name = Debug;
		};
		43F2B7AB2627CB39002476E5 /* Release */ = {
			isa = XCBuildConfiguration;
			buildSettings = {
				ALWAYS_EMBED_SWIFT_STANDARD_LIBRARIES = YES;
				BUNDLE_LOADER = "$(TEST_HOST)";
				CODE_SIGN_STYLE = Automatic;
				DEVELOPMENT_TEAM = CP7X32P9F7;
				INFOPLIST_FILE = WaveAnimationTests/Info.plist;
				IPHONEOS_DEPLOYMENT_TARGET = 14.4;
				LD_RUNPATH_SEARCH_PATHS = (
					"$(inherited)",
					"@executable_path/Frameworks",
					"@loader_path/Frameworks",
				);
				PRODUCT_BUNDLE_IDENTIFIER = per.zhenyu.WaveAnimationTests;
				PRODUCT_NAME = "$(TARGET_NAME)";
				SWIFT_VERSION = 5.0;
				TARGETED_DEVICE_FAMILY = "1,2";
				TEST_HOST = "$(BUILT_PRODUCTS_DIR)/WaveAnimation.app/WaveAnimation";
			};
			name = Release;
		};
		43F2B7AD2627CB39002476E5 /* Debug */ = {
			isa = XCBuildConfiguration;
			buildSettings = {
				ALWAYS_EMBED_SWIFT_STANDARD_LIBRARIES = YES;
				CODE_SIGN_STYLE = Automatic;
				DEVELOPMENT_TEAM = CP7X32P9F7;
				INFOPLIST_FILE = WaveAnimationUITests/Info.plist;
				LD_RUNPATH_SEARCH_PATHS = (
					"$(inherited)",
					"@executable_path/Frameworks",
					"@loader_path/Frameworks",
				);
				PRODUCT_BUNDLE_IDENTIFIER = per.zhenyu.WaveAnimationUITests;
				PRODUCT_NAME = "$(TARGET_NAME)";
				SWIFT_VERSION = 5.0;
				TARGETED_DEVICE_FAMILY = "1,2";
				TEST_TARGET_NAME = WaveAnimation;
			};
			name = Debug;
		};
		43F2B7AE2627CB39002476E5 /* Release */ = {
			isa = XCBuildConfiguration;
			buildSettings = {
				ALWAYS_EMBED_SWIFT_STANDARD_LIBRARIES = YES;
				CODE_SIGN_STYLE = Automatic;
				DEVELOPMENT_TEAM = CP7X32P9F7;
				INFOPLIST_FILE = WaveAnimationUITests/Info.plist;
				LD_RUNPATH_SEARCH_PATHS = (
					"$(inherited)",
					"@executable_path/Frameworks",
					"@loader_path/Frameworks",
				);
				PRODUCT_BUNDLE_IDENTIFIER = per.zhenyu.WaveAnimationUITests;
				PRODUCT_NAME = "$(TARGET_NAME)";
				SWIFT_VERSION = 5.0;
				TARGETED_DEVICE_FAMILY = "1,2";
				TEST_TARGET_NAME = WaveAnimation;
			};
			name = Release;
		};
/* End XCBuildConfiguration section */

/* Begin XCConfigurationList section */
		43F2B7772627CB34002476E5 /* Build configuration list for PBXProject "WaveAnimation" */ = {
			isa = XCConfigurationList;
			buildConfigurations = (
				43F2B7A42627CB39002476E5 /* Debug */,
				43F2B7A52627CB39002476E5 /* Release */,
			);
			defaultConfigurationIsVisible = 0;
			defaultConfigurationName = Release;
		};
		43F2B7A62627CB39002476E5 /* Build configuration list for PBXNativeTarget "WaveAnimation" */ = {
			isa = XCConfigurationList;
			buildConfigurations = (
				43F2B7A72627CB39002476E5 /* Debug */,
				43F2B7A82627CB39002476E5 /* Release */,
			);
			defaultConfigurationIsVisible = 0;
			defaultConfigurationName = Release;
		};
		43F2B7A92627CB39002476E5 /* Build configuration list for PBXNativeTarget "WaveAnimationTests" */ = {
			isa = XCConfigurationList;
			buildConfigurations = (
				43F2B7AA2627CB39002476E5 /* Debug */,
				43F2B7AB2627CB39002476E5 /* Release */,
			);
			defaultConfigurationIsVisible = 0;
			defaultConfigurationName = Release;
		};
		43F2B7AC2627CB39002476E5 /* Build configuration list for PBXNativeTarget "WaveAnimationUITests" */ = {
			isa = XCConfigurationList;
			buildConfigurations = (
				43F2B7AD2627CB39002476E5 /* Debug */,
				43F2B7AE2627CB39002476E5 /* Release */,
			);
			defaultConfigurationIsVisible = 0;
			defaultConfigurationName = Release;
		};
/* End XCConfigurationList section */
	};
	rootObject = 43F2B7742627CB34002476E5 /* Project object */;
}
